schema: '2.0'
stages:
  preprocess:
    cmd: python src/preprocess.py
    deps:
    - path: data/titanic.csv
      hash: md5
      md5: 054d5e975891c730cb85d7d4c51aa07d
      size: 61194
    - path: src/preprocess.py
      hash: md5
      md5: 1c617131feb4f2090c14c7f64ad2da63
      size: 843
    outs:
    - path: data/processed.csv
      hash: md5
      md5: bef92ce609230e2de576360898f0da64
      size: 23784
